
Microsoft Visual Studio Solution File, Format Version 12.00
# Visual Studio 15
VisualStudioVersion = 15.0.27428.2037
MinimumVisualStudioVersion = 10.0.40219.1
Project("{FAE04EC0-301F-11D3-BF4B-00C04F79EFBC}") = "Kangaroo Cage", "Kangaroo Cage\Kangaroo Cage.csproj", "{4C5C6E74-9097-41D5-8EAF-D01C851DD274}"
EndProject
Global
	GlobalSection(SolutionConfigurationPlatforms) = preSolution
		Debug|Any CPU = Debug|Any CPU
		Release|Any CPU = Release|Any CPU
	EndGlobalSection
	GlobalSection(ProjectConfigurationPlatforms) = postSolution
		{4C5C6E74-9097-41D5-8EAF-D01C851DD274}.Debug|Any CPU.ActiveCfg = Debug|Any CPU
		{4C5C6E74-9097-41D5-8EAF-D01C851DD274}.Debug|Any CPU.Build.0 = Debug|Any CPU
		{4C5C6E74-9097-41D5-8EAF-D01C851DD274}.Release|Any CPU.ActiveCfg = Release|Any CPU
		{4C5C6E74-9097-41D5-8EAF-D01C851DD274}.Release|Any CPU.Build.0 = Release|Any CPU
	EndGlobalSection
	GlobalSection(SolutionProperties) = preSolution
		HideSolutionNode = FALSE
	EndGlobalSection
	GlobalSection(ExtensibilityGlobals) = postSolution
		SolutionGuid = {EB655522-C9F4-4AF4-A6B8-3C716391D2D8}
	EndGlobalSection
EndGlobal
